// !$*UTF8*$!
{
	archiveVersion = 1;
	classes = {
	};
	objectVersion = 50;
	objects = {

/* Begin PBXBuildFile section */
		0F77B227D62A28229EA6D2F8 /* libPods-IronMan.a in Frameworks */ = {isa = PBXBuildFile; fileRef = A08A141002374475B9AA5A53 /* libPods-IronMan.a */; };
		4ACCCF6A3B4774FCC702509B /* libPods-IronManUITests.a in Frameworks */ = {isa = PBXBuildFile; fileRef = 3C676AD2002AD0A9840DC4E6 /* libPods-IronManUITests.a */; };
		C2947C6920729ACD00A6756F /* AppDelegate.m in Sources */ = {isa = PBXBuildFile; fileRef = C2947C6820729ACD00A6756F /* AppDelegate.m */; };
		C2947C7120729ACE00A6756F /* Assets.xcassets in Resources */ = {isa = PBXBuildFile; fileRef = C2947C7020729ACE00A6756F /* Assets.xcassets */; };
		C2947C7420729ACE00A6756F /* LaunchScreen.storyboard in Resources */ = {isa = PBXBuildFile; fileRef = C2947C7220729ACE00A6756F /* LaunchScreen.storyboard */; };
		C2947C7720729ACE00A6756F /* main.m in Sources */ = {isa = PBXBuildFile; fileRef = C2947C7620729ACE00A6756F /* main.m */; };
		C2947C8120729ACE00A6756F /* IronManTests.m in Sources */ = {isa = PBXBuildFile; fileRef = C2947C8020729ACE00A6756F /* IronManTests.m */; };
		C2947C8C20729ACE00A6756F /* IronManUITests.m in Sources */ = {isa = PBXBuildFile; fileRef = C2947C8B20729ACE00A6756F /* IronManUITests.m */; };
		C2947CD920737F4100A6756F /* IMLogViewController.m in Sources */ = {isa = PBXBuildFile; fileRef = C2947CD820737F4100A6756F /* IMLogViewController.m */; };
		C2947CFD20739F3E00A6756F /* NSArray+HJImages.m in Sources */ = {isa = PBXBuildFile; fileRef = C2947CF020739F3E00A6756F /* NSArray+HJImages.m */; };
		C2947CFE20739F3E00A6756F /* HJBaseLogin_VC.m in Sources */ = {isa = PBXBuildFile; fileRef = C2947CF220739F3E00A6756F /* HJBaseLogin_VC.m */; };
		C2947CFF20739F3E00A6756F /* HJLoginExample01_VC.m in Sources */ = {isa = PBXBuildFile; fileRef = C2947CF520739F3E00A6756F /* HJLoginExample01_VC.m */; };
		C2947D0020739F3E00A6756F /* HJLoginExample04_VC.m in Sources */ = {isa = PBXBuildFile; fileRef = C2947CFA20739F3E00A6756F /* HJLoginExample04_VC.m */; };
		C2947D0120739F3E00A6756F /* HJLoginExample03_VC.m in Sources */ = {isa = PBXBuildFile; fileRef = C2947CFB20739F3E00A6756F /* HJLoginExample03_VC.m */; };
		C2947D0220739F3E00A6756F /* HJLoginExample02_VC.m in Sources */ = {isa = PBXBuildFile; fileRef = C2947CFC20739F3E00A6756F /* HJLoginExample02_VC.m */; };
		C2947D0820739F6800A6756F /* login_bg01.jpg in Resources */ = {isa = PBXBuildFile; fileRef = C2947D0420739F6800A6756F /* login_bg01.jpg */; };
		C2947D0920739F6800A6756F /* login_bg03.jpg in Resources */ = {isa = PBXBuildFile; fileRef = C2947D0520739F6800A6756F /* login_bg03.jpg */; };
		C2947D0A20739F6800A6756F /* login_bg02.jpg in Resources */ = {isa = PBXBuildFile; fileRef = C2947D0620739F6800A6756F /* login_bg02.jpg */; };
		C2947D0B20739F6800A6756F /* login_bg_gif_01.gif in Resources */ = {isa = PBXBuildFile; fileRef = C2947D0720739F6800A6756F /* login_bg_gif_01.gif */; };
		C2947D1D207478E600A6756F /* IMTabViewController.m in Sources */ = {isa = PBXBuildFile; fileRef = C2947D1B207478E600A6756F /* IMTabViewController.m */; };
		C2947D212074795100A6756F /* IMPhoneViewController.m in Sources */ = {isa = PBXBuildFile; fileRef = C2947D1F2074795100A6756F /* IMPhoneViewController.m */; };
		C2947D252074795C00A6756F /* IMPhotoViewController.m in Sources */ = {isa = PBXBuildFile; fileRef = C2947D242074795B00A6756F /* IMPhotoViewController.m */; };
		C2947D292074796700A6756F /* IMDiaryViewController.m in Sources */ = {isa = PBXBuildFile; fileRef = C2947D282074796700A6756F /* IMDiaryViewController.m */; };
		C2947D2C2074799500A6756F /* IMNavViewController.m in Sources */ = {isa = PBXBuildFile; fileRef = C2947D2B2074799500A6756F /* IMNavViewController.m */; };
		C2947D302074835900A6756F /* IMSetupViewController.m in Sources */ = {isa = PBXBuildFile; fileRef = C2947D2F2074835900A6756F /* IMSetupViewController.m */; };
		C2BEDEA72074CE5200E32A25 /* CTBasicViewController.m in Sources */ = {isa = PBXBuildFile; fileRef = C2BEDEA52074CE5200E32A25 /* CTBasicViewController.m */; };
		C2BEDEAA2074CE8400E32A25 /* CTApperanceViewController.m in Sources */ = {isa = PBXBuildFile; fileRef = C2BEDEA92074CE8400E32A25 /* CTApperanceViewController.m */; };
		C2BEDEC02074CFB600E32A25 /* PHAssetCollection+CTAssetsPickerController.m in Sources */ = {isa = PBXBuildFile; fileRef = C2BEDEAC2074CFB600E32A25 /* PHAssetCollection+CTAssetsPickerController.m */; };
		C2BEDEC12074CFB600E32A25 /* UIImage+CTAssetsPickerController.m in Sources */ = {isa = PBXBuildFile; fileRef = C2BEDEAF2074CFB600E32A25 /* UIImage+CTAssetsPickerController.m */; };
		C2BEDEC22074CFB600E32A25 /* NSNumberFormatter+CTAssetsPickerController.m in Sources */ = {isa = PBXBuildFile; fileRef = C2BEDEB02074CFB600E32A25 /* NSNumberFormatter+CTAssetsPickerController.m */; };
		C2BEDEC32074CFB600E32A25 /* NSBundle+CTAssetsPickerController.m in Sources */ = {isa = PBXBuildFile; fileRef = C2BEDEB42074CFB600E32A25 /* NSBundle+CTAssetsPickerController.m */; };
		C2BEDEC42074CFB600E32A25 /* UICollectionView+CTAssetsPickerController.m in Sources */ = {isa = PBXBuildFile; fileRef = C2BEDEB52074CFB600E32A25 /* UICollectionView+CTAssetsPickerController.m */; };
		C2BEDEC52074CFB600E32A25 /* PHAsset+CTAssetsPickerController.m in Sources */ = {isa = PBXBuildFile; fileRef = C2BEDEBA2074CFB600E32A25 /* PHAsset+CTAssetsPickerController.m */; };
		C2BEDEC62074CFB600E32A25 /* NSIndexSet+CTAssetsPickerController.m in Sources */ = {isa = PBXBuildFile; fileRef = C2BEDEBC2074CFB600E32A25 /* NSIndexSet+CTAssetsPickerController.m */; };
		C2BEDEC72074CFB600E32A25 /* NSDateFormatter+CTAssetsPickerController.m in Sources */ = {isa = PBXBuildFile; fileRef = C2BEDEBE2074CFB600E32A25 /* NSDateFormatter+CTAssetsPickerController.m */; };
		C2BEDEC82074CFB600E32A25 /* PHImageManager+CTAssetsPickerController.m in Sources */ = {isa = PBXBuildFile; fileRef = C2BEDEBF2074CFB600E32A25 /* PHImageManager+CTAssetsPickerController.m */; };
		C2BEDECB2074E6F800E32A25 /* IMImage.m in Sources */ = {isa = PBXBuildFile; fileRef = C2BEDECA2074E6F800E32A25 /* IMImage.m */; };
		C64D936CB1740D268CD4B104 /* libPods-IronManTests.a in Frameworks */ = {isa = PBXBuildFile; fileRef = 67A8F1A01C1A5757B403E3C8 /* libPods-IronManTests.a */; };
/* End PBXBuildFile section */

/* Begin PBXContainerItemProxy section */
		C2947C7D20729ACE00A6756F /* PBXContainerItemProxy */ = {
			isa = PBXContainerItemProxy;
			containerPortal = C2947C5C20729ACD00A6756F /* Project object */;
			proxyType = 1;
			remoteGlobalIDString = C2947C6320729ACD00A6756F;
			remoteInfo = IronMan;
		};
		C2947C8820729ACE00A6756F /* PBXContainerItemProxy */ = {
			isa = PBXContainerItemProxy;
			containerPortal = C2947C5C20729ACD00A6756F /* Project object */;
			proxyType = 1;
			remoteGlobalIDString = C2947C6320729ACD00A6756F;
			remoteInfo = IronMan;
		};
/* End PBXContainerItemProxy section */

/* Begin PBXFileReference section */
		2D205A98691F424F804D93C6 /* Pods-IronMan.debug.xcconfig */ = {isa = PBXFileReference; includeInIndex = 1; lastKnownFileType = text.xcconfig; name = "Pods-IronMan.debug.xcconfig"; path = "Pods/Target Support Files/Pods-IronMan/Pods-IronMan.debug.xcconfig"; sourceTree = "<group>"; };
		3C676AD2002AD0A9840DC4E6 /* libPods-IronManUITests.a */ = {isa = PBXFileReference; explicitFileType = archive.ar; includeInIndex = 0; path = "libPods-IronManUITests.a"; sourceTree = BUILT_PRODUCTS_DIR; };
		67A8F1A01C1A5757B403E3C8 /* libPods-IronManTests.a */ = {isa = PBXFileReference; explicitFileType = archive.ar; includeInIndex = 0; path = "libPods-IronManTests.a"; sourceTree = BUILT_PRODUCTS_DIR; };
		7D777CC342A0C503D414D149 /* Pods-IronMan.release.xcconfig */ = {isa = PBXFileReference; includeInIndex = 1; lastKnownFileType = text.xcconfig; name = "Pods-IronMan.release.xcconfig"; path = "Pods/Target Support Files/Pods-IronMan/Pods-IronMan.release.xcconfig"; sourceTree = "<group>"; };
		81A16B93D6B57C8200D3416D /* Pods-IronManTests.debug.xcconfig */ = {isa = PBXFileReference; includeInIndex = 1; lastKnownFileType = text.xcconfig; name = "Pods-IronManTests.debug.xcconfig"; path = "Pods/Target Support Files/Pods-IronManTests/Pods-IronManTests.debug.xcconfig"; sourceTree = "<group>"; };
		A08A141002374475B9AA5A53 /* libPods-IronMan.a */ = {isa = PBXFileReference; explicitFileType = archive.ar; includeInIndex = 0; path = "libPods-IronMan.a"; sourceTree = BUILT_PRODUCTS_DIR; };
		B4FD3F93C9796C469A1D82E1 /* Pods-IronManTests.release.xcconfig */ = {isa = PBXFileReference; includeInIndex = 1; lastKnownFileType = text.xcconfig; name = "Pods-IronManTests.release.xcconfig"; path = "Pods/Target Support Files/Pods-IronManTests/Pods-IronManTests.release.xcconfig"; sourceTree = "<group>"; };
		C2947C6420729ACD00A6756F /* IronMan.app */ = {isa = PBXFileReference; explicitFileType = wrapper.application; includeInIndex = 0; path = IronMan.app; sourceTree = BUILT_PRODUCTS_DIR; };
		C2947C6720729ACD00A6756F /* AppDelegate.h */ = {isa = PBXFileReference; lastKnownFileType = sourcecode.c.h; path = AppDelegate.h; sourceTree = "<group>"; };
		C2947C6820729ACD00A6756F /* AppDelegate.m */ = {isa = PBXFileReference; lastKnownFileType = sourcecode.c.objc; path = AppDelegate.m; sourceTree = "<group>"; };
		C2947C7020729ACE00A6756F /* Assets.xcassets */ = {isa = PBXFileReference; lastKnownFileType = folder.assetcatalog; path = Assets.xcassets; sourceTree = "<group>"; };
		C2947C7320729ACE00A6756F /* Base */ = {isa = PBXFileReference; lastKnownFileType = file.storyboard; name = Base; path = Base.lproj/LaunchScreen.storyboard; sourceTree = "<group>"; };
		C2947C7520729ACE00A6756F /* Info.plist */ = {isa = PBXFileReference; lastKnownFileType = text.plist.xml; path = Info.plist; sourceTree = "<group>"; };
		C2947C7620729ACE00A6756F /* main.m */ = {isa = PBXFileReference; lastKnownFileType = sourcecode.c.objc; path = main.m; sourceTree = "<group>"; };
		C2947C7C20729ACE00A6756F /* IronManTests.xctest */ = {isa = PBXFileReference; explicitFileType = wrapper.cfbundle; includeInIndex = 0; path = IronManTests.xctest; sourceTree = BUILT_PRODUCTS_DIR; };
		C2947C8020729ACE00A6756F /* IronManTests.m */ = {isa = PBXFileReference; lastKnownFileType = sourcecode.c.objc; path = IronManTests.m; sourceTree = "<group>"; };
		C2947C8220729ACE00A6756F /* Info.plist */ = {isa = PBXFileReference; lastKnownFileType = text.plist.xml; path = Info.plist; sourceTree = "<group>"; };
		C2947C8720729ACE00A6756F /* IronManUITests.xctest */ = {isa = PBXFileReference; explicitFileType = wrapper.cfbundle; includeInIndex = 0; path = IronManUITests.xctest; sourceTree = BUILT_PRODUCTS_DIR; };
		C2947C8B20729ACE00A6756F /* IronManUITests.m */ = {isa = PBXFileReference; lastKnownFileType = sourcecode.c.objc; path = IronManUITests.m; sourceTree = "<group>"; };
		C2947C8D20729ACE00A6756F /* Info.plist */ = {isa = PBXFileReference; lastKnownFileType = text.plist.xml; path = Info.plist; sourceTree = "<group>"; };
		C2947CD720737F4100A6756F /* IMLogViewController.h */ = {isa = PBXFileReference; lastKnownFileType = sourcecode.c.h; path = IMLogViewController.h; sourceTree = "<group>"; };
		C2947CD820737F4100A6756F /* IMLogViewController.m */ = {isa = PBXFileReference; lastKnownFileType = sourcecode.c.objc; path = IMLogViewController.m; sourceTree = "<group>"; };
		C2947CEF20739F3E00A6756F /* NSArray+HJImages.h */ = {isa = PBXFileReference; fileEncoding = 4; lastKnownFileType = sourcecode.c.h; path = "NSArray+HJImages.h"; sourceTree = "<group>"; };
		C2947CF020739F3E00A6756F /* NSArray+HJImages.m */ = {isa = PBXFileReference; fileEncoding = 4; lastKnownFileType = sourcecode.c.objc; path = "NSArray+HJImages.m"; sourceTree = "<group>"; };
		C2947CF220739F3E00A6756F /* HJBaseLogin_VC.m */ = {isa = PBXFileReference; fileEncoding = 4; lastKnownFileType = sourcecode.c.objc; path = HJBaseLogin_VC.m; sourceTree = "<group>"; };
		C2947CF320739F3E00A6756F /* HJBaseLogin_VC.h */ = {isa = PBXFileReference; fileEncoding = 4; lastKnownFileType = sourcecode.c.h; path = HJBaseLogin_VC.h; sourceTree = "<group>"; };
		C2947CF520739F3E00A6756F /* HJLoginExample01_VC.m */ = {isa = PBXFileReference; fileEncoding = 4; lastKnownFileType = sourcecode.c.objc; path = HJLoginExample01_VC.m; sourceTree = "<group>"; };
		C2947CF620739F3E00A6756F /* HJLoginExample04_VC.h */ = {isa = PBXFileReference; fileEncoding = 4; lastKnownFileType = sourcecode.c.h; path = HJLoginExample04_VC.h; sourceTree = "<group>"; };
		C2947CF720739F3E00A6756F /* HJLoginExample03_VC.h */ = {isa = PBXFileReference; fileEncoding = 4; lastKnownFileType = sourcecode.c.h; path = HJLoginExample03_VC.h; sourceTree = "<group>"; };
		C2947CF820739F3E00A6756F /* HJLoginExample02_VC.h */ = {isa = PBXFileReference; fileEncoding = 4; lastKnownFileType = sourcecode.c.h; path = HJLoginExample02_VC.h; sourceTree = "<group>"; };
		C2947CF920739F3E00A6756F /* HJLoginExample01_VC.h */ = {isa = PBXFileReference; fileEncoding = 4; lastKnownFileType = sourcecode.c.h; path = HJLoginExample01_VC.h; sourceTree = "<group>"; };
		C2947CFA20739F3E00A6756F /* HJLoginExample04_VC.m */ = {isa = PBXFileReference; fileEncoding = 4; lastKnownFileType = sourcecode.c.objc; path = HJLoginExample04_VC.m; sourceTree = "<group>"; };
		C2947CFB20739F3E00A6756F /* HJLoginExample03_VC.m */ = {isa = PBXFileReference; fileEncoding = 4; lastKnownFileType = sourcecode.c.objc; path = HJLoginExample03_VC.m; sourceTree = "<group>"; };
		C2947CFC20739F3E00A6756F /* HJLoginExample02_VC.m */ = {isa = PBXFileReference; fileEncoding = 4; lastKnownFileType = sourcecode.c.objc; path = HJLoginExample02_VC.m; sourceTree = "<group>"; };
		C2947D0420739F6800A6756F /* login_bg01.jpg */ = {isa = PBXFileReference; lastKnownFileType = image.jpeg; path = login_bg01.jpg; sourceTree = "<group>"; };
		C2947D0520739F6800A6756F /* login_bg03.jpg */ = {isa = PBXFileReference; lastKnownFileType = image.jpeg; path = login_bg03.jpg; sourceTree = "<group>"; };
		C2947D0620739F6800A6756F /* login_bg02.jpg */ = {isa = PBXFileReference; lastKnownFileType = image.jpeg; path = login_bg02.jpg; sourceTree = "<group>"; };
		C2947D0720739F6800A6756F /* login_bg_gif_01.gif */ = {isa = PBXFileReference; lastKnownFileType = image.gif; path = login_bg_gif_01.gif; sourceTree = "<group>"; };
		C2947D0D207451D600A6756F /* PrefixHeader.pch */ = {isa = PBXFileReference; lastKnownFileType = sourcecode.c.h; path = PrefixHeader.pch; sourceTree = "<group>"; };
		C2947D1B207478E600A6756F /* IMTabViewController.m */ = {isa = PBXFileReference; fileEncoding = 4; lastKnownFileType = sourcecode.c.objc; path = IMTabViewController.m; sourceTree = "<group>"; };
		C2947D1C207478E600A6756F /* IMTabViewController.h */ = {isa = PBXFileReference; fileEncoding = 4; lastKnownFileType = sourcecode.c.h; path = IMTabViewController.h; sourceTree = "<group>"; };
		C2947D1F2074795100A6756F /* IMPhoneViewController.m */ = {isa = PBXFileReference; fileEncoding = 4; lastKnownFileType = sourcecode.c.objc; path = IMPhoneViewController.m; sourceTree = "<group>"; };
		C2947D202074795100A6756F /* IMPhoneViewController.h */ = {isa = PBXFileReference; fileEncoding = 4; lastKnownFileType = sourcecode.c.h; path = IMPhoneViewController.h; sourceTree = "<group>"; };
		C2947D232074795B00A6756F /* IMPhotoViewController.h */ = {isa = PBXFileReference; fileEncoding = 4; lastKnownFileType = sourcecode.c.h; path = IMPhotoViewController.h; sourceTree = "<group>"; };
		C2947D242074795B00A6756F /* IMPhotoViewController.m */ = {isa = PBXFileReference; fileEncoding = 4; lastKnownFileType = sourcecode.c.objc; path = IMPhotoViewController.m; sourceTree = "<group>"; };
		C2947D272074796700A6756F /* IMDiaryViewController.h */ = {isa = PBXFileReference; fileEncoding = 4; lastKnownFileType = sourcecode.c.h; path = IMDiaryViewController.h; sourceTree = "<group>"; };
		C2947D282074796700A6756F /* IMDiaryViewController.m */ = {isa = PBXFileReference; fileEncoding = 4; lastKnownFileType = sourcecode.c.objc; path = IMDiaryViewController.m; sourceTree = "<group>"; };
		C2947D2A2074799500A6756F /* IMNavViewController.h */ = {isa = PBXFileReference; lastKnownFileType = sourcecode.c.h; path = IMNavViewController.h; sourceTree = "<group>"; };
		C2947D2B2074799500A6756F /* IMNavViewController.m */ = {isa = PBXFileReference; lastKnownFileType = sourcecode.c.objc; path = IMNavViewController.m; sourceTree = "<group>"; };
		C2947D2E2074835900A6756F /* IMSetupViewController.h */ = {isa = PBXFileReference; lastKnownFileType = sourcecode.c.h; path = IMSetupViewController.h; sourceTree = "<group>"; };
		C2947D2F2074835900A6756F /* IMSetupViewController.m */ = {isa = PBXFileReference; lastKnownFileType = sourcecode.c.objc; path = IMSetupViewController.m; sourceTree = "<group>"; };
		C2BEDEA52074CE5200E32A25 /* CTBasicViewController.m */ = {isa = PBXFileReference; fileEncoding = 4; lastKnownFileType = sourcecode.c.objc; path = CTBasicViewController.m; sourceTree = "<group>"; };
		C2BEDEA62074CE5200E32A25 /* CTBasicViewController.h */ = {isa = PBXFileReference; fileEncoding = 4; lastKnownFileType = sourcecode.c.h; path = CTBasicViewController.h; sourceTree = "<group>"; };
		C2BEDEA82074CE8400E32A25 /* CTApperanceViewController.h */ = {isa = PBXFileReference; fileEncoding = 4; lastKnownFileType = sourcecode.c.h; path = CTApperanceViewController.h; sourceTree = "<group>"; };
		C2BEDEA92074CE8400E32A25 /* CTApperanceViewController.m */ = {isa = PBXFileReference; fileEncoding = 4; lastKnownFileType = sourcecode.c.objc; path = CTApperanceViewController.m; sourceTree = "<group>"; };
		C2BEDEAC2074CFB600E32A25 /* PHAssetCollection+CTAssetsPickerController.m */ = {isa = PBXFileReference; fileEncoding = 4; lastKnownFileType = sourcecode.c.objc; path = "PHAssetCollection+CTAssetsPickerController.m"; sourceTree = "<group>"; };
		C2BEDEAD2074CFB600E32A25 /* UICollectionView+CTAssetsPickerController.h */ = {isa = PBXFileReference; fileEncoding = 4; lastKnownFileType = sourcecode.c.h; path = "UICollectionView+CTAssetsPickerController.h"; sourceTree = "<group>"; };
		C2BEDEAE2074CFB600E32A25 /* PHAsset+CTAssetsPickerController.h */ = {isa = PBXFileReference; fileEncoding = 4; lastKnownFileType = sourcecode.c.h; path = "PHAsset+CTAssetsPickerController.h"; sourceTree = "<group>"; };
		C2BEDEAF2074CFB600E32A25 /* UIImage+CTAssetsPickerController.m */ = {isa = PBXFileReference; fileEncoding = 4; lastKnownFileType = sourcecode.c.objc; path = "UIImage+CTAssetsPickerController.m"; sourceTree = "<group>"; };
		C2BEDEB02074CFB600E32A25 /* NSNumberFormatter+CTAssetsPickerController.m */ = {isa = PBXFileReference; fileEncoding = 4; lastKnownFileType = sourcecode.c.objc; path = "NSNumberFormatter+CTAssetsPickerController.m"; sourceTree = "<group>"; };
		C2BEDEB12074CFB600E32A25 /* NSIndexSet+CTAssetsPickerController.h */ = {isa = PBXFileReference; fileEncoding = 4; lastKnownFileType = sourcecode.c.h; path = "NSIndexSet+CTAssetsPickerController.h"; sourceTree = "<group>"; };
		C2BEDEB22074CFB600E32A25 /* PHImageManager+CTAssetsPickerController.h */ = {isa = PBXFileReference; fileEncoding = 4; lastKnownFileType = sourcecode.c.h; path = "PHImageManager+CTAssetsPickerController.h"; sourceTree = "<group>"; };
		C2BEDEB32074CFB600E32A25 /* NSDateFormatter+CTAssetsPickerController.h */ = {isa = PBXFileReference; fileEncoding = 4; lastKnownFileType = sourcecode.c.h; path = "NSDateFormatter+CTAssetsPickerController.h"; sourceTree = "<group>"; };
		C2BEDEB42074CFB600E32A25 /* NSBundle+CTAssetsPickerController.m */ = {isa = PBXFileReference; fileEncoding = 4; lastKnownFileType = sourcecode.c.objc; path = "NSBundle+CTAssetsPickerController.m"; sourceTree = "<group>"; };
		C2BEDEB52074CFB600E32A25 /* UICollectionView+CTAssetsPickerController.m */ = {isa = PBXFileReference; fileEncoding = 4; lastKnownFileType = sourcecode.c.objc; path = "UICollectionView+CTAssetsPickerController.m"; sourceTree = "<group>"; };
		C2BEDEB62074CFB600E32A25 /* PHAssetCollection+CTAssetsPickerController.h */ = {isa = PBXFileReference; fileEncoding = 4; lastKnownFileType = sourcecode.c.h; path = "PHAssetCollection+CTAssetsPickerController.h"; sourceTree = "<group>"; };
		C2BEDEB72074CFB600E32A25 /* CTAssetsPageViewController+Internal.h */ = {isa = PBXFileReference; fileEncoding = 4; lastKnownFileType = sourcecode.c.h; path = "CTAssetsPageViewController+Internal.h"; sourceTree = "<group>"; };
		C2BEDEB82074CFB600E32A25 /* UIImage+CTAssetsPickerController.h */ = {isa = PBXFileReference; fileEncoding = 4; lastKnownFileType = sourcecode.c.h; path = "UIImage+CTAssetsPickerController.h"; sourceTree = "<group>"; };
		C2BEDEB92074CFB600E32A25 /* NSNumberFormatter+CTAssetsPickerController.h */ = {isa = PBXFileReference; fileEncoding = 4; lastKnownFileType = sourcecode.c.h; path = "NSNumberFormatter+CTAssetsPickerController.h"; sourceTree = "<group>"; };
		C2BEDEBA2074CFB600E32A25 /* PHAsset+CTAssetsPickerController.m */ = {isa = PBXFileReference; fileEncoding = 4; lastKnownFileType = sourcecode.c.objc; path = "PHAsset+CTAssetsPickerController.m"; sourceTree = "<group>"; };
		C2BEDEBB2074CFB600E32A25 /* CTAssetsPickerController+Internal.h */ = {isa = PBXFileReference; fileEncoding = 4; lastKnownFileType = sourcecode.c.h; path = "CTAssetsPickerController+Internal.h"; sourceTree = "<group>"; };
		C2BEDEBC2074CFB600E32A25 /* NSIndexSet+CTAssetsPickerController.m */ = {isa = PBXFileReference; fileEncoding = 4; lastKnownFileType = sourcecode.c.objc; path = "NSIndexSet+CTAssetsPickerController.m"; sourceTree = "<group>"; };
		C2BEDEBD2074CFB600E32A25 /* NSBundle+CTAssetsPickerController.h */ = {isa = PBXFileReference; fileEncoding = 4; lastKnownFileType = sourcecode.c.h; path = "NSBundle+CTAssetsPickerController.h"; sourceTree = "<group>"; };
		C2BEDEBE2074CFB600E32A25 /* NSDateFormatter+CTAssetsPickerController.m */ = {isa = PBXFileReference; fileEncoding = 4; lastKnownFileType = sourcecode.c.objc; path = "NSDateFormatter+CTAssetsPickerController.m"; sourceTree = "<group>"; };
		C2BEDEBF2074CFB600E32A25 /* PHImageManager+CTAssetsPickerController.m */ = {isa = PBXFileReference; fileEncoding = 4; lastKnownFileType = sourcecode.c.objc; path = "PHImageManager+CTAssetsPickerController.m"; sourceTree = "<group>"; };
		C2BEDEC92074E6F800E32A25 /* IMImage.h */ = {isa = PBXFileReference; lastKnownFileType = sourcecode.c.h; path = IMImage.h; sourceTree = "<group>"; };
		C2BEDECA2074E6F800E32A25 /* IMImage.m */ = {isa = PBXFileReference; lastKnownFileType = sourcecode.c.objc; path = IMImage.m; sourceTree = "<group>"; };
		D5A3F64BC2E1B9BEF8729168 /* Pods-IronManUITests.debug.xcconfig */ = {isa = PBXFileReference; includeInIndex = 1; lastKnownFileType = text.xcconfig; name = "Pods-IronManUITests.debug.xcconfig"; path = "Pods/Target Support Files/Pods-IronManUITests/Pods-IronManUITests.debug.xcconfig"; sourceTree = "<group>"; };
		FF97EA715039DD5E8CFB7811 /* Pods-IronManUITests.release.xcconfig */ = {isa = PBXFileReference; includeInIndex = 1; lastKnownFileType = text.xcconfig; name = "Pods-IronManUITests.release.xcconfig"; path = "Pods/Target Support Files/Pods-IronManUITests/Pods-IronManUITests.release.xcconfig"; sourceTree = "<group>"; };
/* End PBXFileReference section */

/* Begin PBXFrameworksBuildPhase section */
		C2947C6120729ACD00A6756F /* Frameworks */ = {
			isa = PBXFrameworksBuildPhase;
			buildActionMask = 2147483647;
			files = (
				0F77B227D62A28229EA6D2F8 /* libPods-IronMan.a in Frameworks */,
			);
			runOnlyForDeploymentPostprocessing = 0;
		};
		C2947C7920729ACE00A6756F /* Frameworks */ = {
			isa = PBXFrameworksBuildPhase;
			buildActionMask = 2147483647;
			files = (
				C64D936CB1740D268CD4B104 /* libPods-IronManTests.a in Frameworks */,
			);
			runOnlyForDeploymentPostprocessing = 0;
		};
		C2947C8420729ACE00A6756F /* Frameworks */ = {
			isa = PBXFrameworksBuildPhase;
			buildActionMask = 2147483647;
			files = (
				4ACCCF6A3B4774FCC702509B /* libPods-IronManUITests.a in Frameworks */,
			);
			runOnlyForDeploymentPostprocessing = 0;
		};
/* End PBXFrameworksBuildPhase section */

/* Begin PBXGroup section */
		0E5BDC78E6762EAC91DF9C6D /* Pods */ = {
			isa = PBXGroup;
			children = (
				2D205A98691F424F804D93C6 /* Pods-IronMan.debug.xcconfig */,
				7D777CC342A0C503D414D149 /* Pods-IronMan.release.xcconfig */,
				81A16B93D6B57C8200D3416D /* Pods-IronManTests.debug.xcconfig */,
				B4FD3F93C9796C469A1D82E1 /* Pods-IronManTests.release.xcconfig */,
				D5A3F64BC2E1B9BEF8729168 /* Pods-IronManUITests.debug.xcconfig */,
				FF97EA715039DD5E8CFB7811 /* Pods-IronManUITests.release.xcconfig */,
			);
			name = Pods;
			sourceTree = "<group>";
		};
		902A47FDD90C741EA0CCE4D5 /* Frameworks */ = {
			isa = PBXGroup;
			children = (
				A08A141002374475B9AA5A53 /* libPods-IronMan.a */,
				67A8F1A01C1A5757B403E3C8 /* libPods-IronManTests.a */,
				3C676AD2002AD0A9840DC4E6 /* libPods-IronManUITests.a */,
			);
			name = Frameworks;
			sourceTree = "<group>";
		};
		C2947C5B20729ACD00A6756F = {
			isa = PBXGroup;
			children = (
				C2947C6620729ACD00A6756F /* IronMan */,
				C2947C7F20729ACE00A6756F /* IronManTests */,
				C2947C8A20729ACE00A6756F /* IronManUITests */,
				C2947C6520729ACD00A6756F /* Products */,
				0E5BDC78E6762EAC91DF9C6D /* Pods */,
				902A47FDD90C741EA0CCE4D5 /* Frameworks */,
			);
			sourceTree = "<group>";
		};
		C2947C6520729ACD00A6756F /* Products */ = {
			isa = PBXGroup;
			children = (
				C2947C6420729ACD00A6756F /* IronMan.app */,
				C2947C7C20729ACE00A6756F /* IronManTests.xctest */,
				C2947C8720729ACE00A6756F /* IronManUITests.xctest */,
			);
			name = Products;
			sourceTree = "<group>";
		};
		C2947C6620729ACD00A6756F /* IronMan */ = {
			isa = PBXGroup;
			children = (
				C2947D1A207478E600A6756F /* Controller */,
				C2947D2D2074833F00A6756F /* SetUp */,
				C2947D262074796700A6756F /* diary */,
				C2947D1E2074795100A6756F /* phone */,
				C2947D222074795B00A6756F /* photo */,
				C2947CEC2073988C00A6756F /* Login */,
				C2947C6720729ACD00A6756F /* AppDelegate.h */,
				C2947C6820729ACD00A6756F /* AppDelegate.m */,
				C2947D0D207451D600A6756F /* PrefixHeader.pch */,
				C2947C7020729ACE00A6756F /* Assets.xcassets */,
				C2947C7220729ACE00A6756F /* LaunchScreen.storyboard */,
				C2947C7520729ACE00A6756F /* Info.plist */,
				C2947C7620729ACE00A6756F /* main.m */,
			);
			path = IronMan;
			sourceTree = "<group>";
		};
		C2947C7F20729ACE00A6756F /* IronManTests */ = {
			isa = PBXGroup;
			children = (
				C2947C8020729ACE00A6756F /* IronManTests.m */,
				C2947C8220729ACE00A6756F /* Info.plist */,
			);
			path = IronManTests;
			sourceTree = "<group>";
		};
		C2947C8A20729ACE00A6756F /* IronManUITests */ = {
			isa = PBXGroup;
			children = (
				C2947C8B20729ACE00A6756F /* IronManUITests.m */,
				C2947C8D20729ACE00A6756F /* Info.plist */,
			);
			path = IronManUITests;
			sourceTree = "<group>";
		};
		C2947CEC2073988C00A6756F /* Login */ = {
			isa = PBXGroup;
			children = (
				C2947D0320739F6800A6756F /* Loginimages */,
				C2947CED20739F3E00A6756F /* LoginExamples */,
				C2947CD720737F4100A6756F /* IMLogViewController.h */,
				C2947CD820737F4100A6756F /* IMLogViewController.m */,
			);
			path = Login;
			sourceTree = "<group>";
		};
		C2947CED20739F3E00A6756F /* LoginExamples */ = {
			isa = PBXGroup;
			children = (
				C2947CEE20739F3E00A6756F /* Others */,
				C2947CF120739F3E00A6756F /* Bases */,
				C2947CF420739F3E00A6756F /* Controllers */,
			);
			path = LoginExamples;
			sourceTree = "<group>";
		};
		C2947CEE20739F3E00A6756F /* Others */ = {
			isa = PBXGroup;
			children = (
				C2947CEF20739F3E00A6756F /* NSArray+HJImages.h */,
				C2947CF020739F3E00A6756F /* NSArray+HJImages.m */,
			);
			path = Others;
			sourceTree = "<group>";
		};
		C2947CF120739F3E00A6756F /* Bases */ = {
			isa = PBXGroup;
			children = (
				C2947CF220739F3E00A6756F /* HJBaseLogin_VC.m */,
				C2947CF320739F3E00A6756F /* HJBaseLogin_VC.h */,
			);
			path = Bases;
			sourceTree = "<group>";
		};
		C2947CF420739F3E00A6756F /* Controllers */ = {
			isa = PBXGroup;
			children = (
				C2947CF520739F3E00A6756F /* HJLoginExample01_VC.m */,
				C2947CF620739F3E00A6756F /* HJLoginExample04_VC.h */,
				C2947CF720739F3E00A6756F /* HJLoginExample03_VC.h */,
				C2947CF820739F3E00A6756F /* HJLoginExample02_VC.h */,
				C2947CF920739F3E00A6756F /* HJLoginExample01_VC.h */,
				C2947CFA20739F3E00A6756F /* HJLoginExample04_VC.m */,
				C2947CFB20739F3E00A6756F /* HJLoginExample03_VC.m */,
				C2947CFC20739F3E00A6756F /* HJLoginExample02_VC.m */,
			);
			path = Controllers;
			sourceTree = "<group>";
		};
		C2947D0320739F6800A6756F /* Loginimages */ = {
			isa = PBXGroup;
			children = (
				C2947D0420739F6800A6756F /* login_bg01.jpg */,
				C2947D0520739F6800A6756F /* login_bg03.jpg */,
				C2947D0620739F6800A6756F /* login_bg02.jpg */,
				C2947D0720739F6800A6756F /* login_bg_gif_01.gif */,
			);
			path = Loginimages;
			sourceTree = "<group>";
		};
		C2947D1A207478E600A6756F /* Controller */ = {
			isa = PBXGroup;
			children = (
				C2947D1C207478E600A6756F /* IMTabViewController.h */,
				C2947D1B207478E600A6756F /* IMTabViewController.m */,
				C2947D2A2074799500A6756F /* IMNavViewController.h */,
				C2947D2B2074799500A6756F /* IMNavViewController.m */,
			);
			path = Controller;
			sourceTree = "<group>";
		};
		C2947D1E2074795100A6756F /* phone */ = {
			isa = PBXGroup;
			children = (
				C2947D202074795100A6756F /* IMPhoneViewController.h */,
				C2947D1F2074795100A6756F /* IMPhoneViewController.m */,
			);
			name = phone;
			path = IronMan/phone;
			sourceTree = SOURCE_ROOT;
		};
		C2947D222074795B00A6756F /* photo */ = {
			isa = PBXGroup;
			children = (
				C2BEDEAB2074CFB600E32A25 /* Categories */,
				C2BEDEA82074CE8400E32A25 /* CTApperanceViewController.h */,
				C2BEDEA92074CE8400E32A25 /* CTApperanceViewController.m */,
				C2BEDEC92074E6F800E32A25 /* IMImage.h */,
				C2BEDECA2074E6F800E32A25 /* IMImage.m */,
				C2BEDEA62074CE5200E32A25 /* CTBasicViewController.h */,
				C2BEDEA52074CE5200E32A25 /* CTBasicViewController.m */,
				C2947D232074795B00A6756F /* IMPhotoViewController.h */,
				C2947D242074795B00A6756F /* IMPhotoViewController.m */,
			);
			path = photo;
			sourceTree = "<group>";
		};
		C2947D262074796700A6756F /* diary */ = {
			isa = PBXGroup;
			children = (
				C2947D272074796700A6756F /* IMDiaryViewController.h */,
				C2947D282074796700A6756F /* IMDiaryViewController.m */,
			);
			path = diary;
			sourceTree = "<group>";
		};
		C2947D2D2074833F00A6756F /* SetUp */ = {
			isa = PBXGroup;
			children = (
				C2947D2E2074835900A6756F /* IMSetupViewController.h */,
				C2947D2F2074835900A6756F /* IMSetupViewController.m */,
			);
			path = SetUp;
			sourceTree = "<group>";
		};
		C2BEDEAB2074CFB600E32A25 /* Categories */ = {
			isa = PBXGroup;
			children = (
				C2BEDEAC2074CFB600E32A25 /* PHAssetCollection+CTAssetsPickerController.m */,
				C2BEDEAD2074CFB600E32A25 /* UICollectionView+CTAssetsPickerController.h */,
				C2BEDEAE2074CFB600E32A25 /* PHAsset+CTAssetsPickerController.h */,
				C2BEDEAF2074CFB600E32A25 /* UIImage+CTAssetsPickerController.m */,
				C2BEDEB02074CFB600E32A25 /* NSNumberFormatter+CTAssetsPickerController.m */,
				C2BEDEB12074CFB600E32A25 /* NSIndexSet+CTAssetsPickerController.h */,
				C2BEDEB22074CFB600E32A25 /* PHImageManager+CTAssetsPickerController.h */,
				C2BEDEB32074CFB600E32A25 /* NSDateFormatter+CTAssetsPickerController.h */,
				C2BEDEB42074CFB600E32A25 /* NSBundle+CTAssetsPickerController.m */,
				C2BEDEB52074CFB600E32A25 /* UICollectionView+CTAssetsPickerController.m */,
				C2BEDEB62074CFB600E32A25 /* PHAssetCollection+CTAssetsPickerController.h */,
				C2BEDEB72074CFB600E32A25 /* CTAssetsPageViewController+Internal.h */,
				C2BEDEB82074CFB600E32A25 /* UIImage+CTAssetsPickerController.h */,
				C2BEDEB92074CFB600E32A25 /* NSNumberFormatter+CTAssetsPickerController.h */,
				C2BEDEBA2074CFB600E32A25 /* PHAsset+CTAssetsPickerController.m */,
				C2BEDEBB2074CFB600E32A25 /* CTAssetsPickerController+Internal.h */,
				C2BEDEBC2074CFB600E32A25 /* NSIndexSet+CTAssetsPickerController.m */,
				C2BEDEBD2074CFB600E32A25 /* NSBundle+CTAssetsPickerController.h */,
				C2BEDEBE2074CFB600E32A25 /* NSDateFormatter+CTAssetsPickerController.m */,
				C2BEDEBF2074CFB600E32A25 /* PHImageManager+CTAssetsPickerController.m */,
			);
			path = Categories;
			sourceTree = "<group>";
		};
/* End PBXGroup section */

/* Begin PBXNativeTarget section */
		C2947C6320729ACD00A6756F /* IronMan */ = {
			isa = PBXNativeTarget;
			buildConfigurationList = C2947C9020729ACE00A6756F /* Build configuration list for PBXNativeTarget "IronMan" */;
			buildPhases = (
				C531252BAD2088A2D830FA1F /* [CP] Check Pods Manifest.lock */,
				C2947C6020729ACD00A6756F /* Sources */,
				C2947C6120729ACD00A6756F /* Frameworks */,
				C2947C6220729ACD00A6756F /* Resources */,
				3CFCD69EE6FA77FB311E751B /* [CP] Copy Pods Resources */,
			);
			buildRules = (
			);
			dependencies = (
			);
			name = IronMan;
			productName = IronMan;
			productReference = C2947C6420729ACD00A6756F /* IronMan.app */;
			productType = "com.apple.product-type.application";
		};
		C2947C7B20729ACE00A6756F /* IronManTests */ = {
			isa = PBXNativeTarget;
			buildConfigurationList = C2947C9320729ACE00A6756F /* Build configuration list for PBXNativeTarget "IronManTests" */;
			buildPhases = (
				4E60AFA9022B034870BC85B2 /* [CP] Check Pods Manifest.lock */,
				C2947C7820729ACE00A6756F /* Sources */,
				C2947C7920729ACE00A6756F /* Frameworks */,
				C2947C7A20729ACE00A6756F /* Resources */,
			);
			buildRules = (
			);
			dependencies = (
				C2947C7E20729ACE00A6756F /* PBXTargetDependency */,
			);
			name = IronManTests;
			productName = IronManTests;
			productReference = C2947C7C20729ACE00A6756F /* IronManTests.xctest */;
			productType = "com.apple.product-type.bundle.unit-test";
		};
		C2947C8620729ACE00A6756F /* IronManUITests */ = {
			isa = PBXNativeTarget;
			buildConfigurationList = C2947C9620729ACE00A6756F /* Build configuration list for PBXNativeTarget "IronManUITests" */;
			buildPhases = (
				98B833DFBD0D310DCB46D22E /* [CP] Check Pods Manifest.lock */,
				C2947C8320729ACE00A6756F /* Sources */,
				C2947C8420729ACE00A6756F /* Frameworks */,
				C2947C8520729ACE00A6756F /* Resources */,
			);
			buildRules = (
			);
			dependencies = (
				C2947C8920729ACE00A6756F /* PBXTargetDependency */,
			);
			name = IronManUITests;
			productName = IronManUITests;
			productReference = C2947C8720729ACE00A6756F /* IronManUITests.xctest */;
			productType = "com.apple.product-type.bundle.ui-testing";
		};
/* End PBXNativeTarget section */

/* Begin PBXProject section */
		C2947C5C20729ACD00A6756F /* Project object */ = {
			isa = PBXProject;
			attributes = {
				LastUpgradeCheck = 0930;
				ORGANIZATIONNAME = sundusk;
				TargetAttributes = {
					C2947C6320729ACD00A6756F = {
						CreatedOnToolsVersion = 9.3;
					};
					C2947C7B20729ACE00A6756F = {
						CreatedOnToolsVersion = 9.3;
						TestTargetID = C2947C6320729ACD00A6756F;
					};
					C2947C8620729ACE00A6756F = {
						CreatedOnToolsVersion = 9.3;
						TestTargetID = C2947C6320729ACD00A6756F;
					};
				};
			};
			buildConfigurationList = C2947C5F20729ACD00A6756F /* Build configuration list for PBXProject "IronMan" */;
			compatibilityVersion = "Xcode 9.3";
			developmentRegion = en;
			hasScannedForEncodings = 0;
			knownRegions = (
				en,
				Base,
			);
			mainGroup = C2947C5B20729ACD00A6756F;
			productRefGroup = C2947C6520729ACD00A6756F /* Products */;
			projectDirPath = "";
			projectRoot = "";
			targets = (
				C2947C6320729ACD00A6756F /* IronMan */,
				C2947C7B20729ACE00A6756F /* IronManTests */,
				C2947C8620729ACE00A6756F /* IronManUITests */,
			);
		};
/* End PBXProject section */

/* Begin PBXResourcesBuildPhase section */
		C2947C6220729ACD00A6756F /* Resources */ = {
			isa = PBXResourcesBuildPhase;
			buildActionMask = 2147483647;
			files = (
				C2947C7420729ACE00A6756F /* LaunchScreen.storyboard in Resources */,
				C2947C7120729ACE00A6756F /* Assets.xcassets in Resources */,
				C2947D0B20739F6800A6756F /* login_bg_gif_01.gif in Resources */,
				C2947D0A20739F6800A6756F /* login_bg02.jpg in Resources */,
				C2947D0920739F6800A6756F /* login_bg03.jpg in Resources */,
				C2947D0820739F6800A6756F /* login_bg01.jpg in Resources */,
			);
			runOnlyForDeploymentPostprocessing = 0;
		};
		C2947C7A20729ACE00A6756F /* Resources */ = {
			isa = PBXResourcesBuildPhase;
			buildActionMask = 2147483647;
			files = (
			);
			runOnlyForDeploymentPostprocessing = 0;
		};
		C2947C8520729ACE00A6756F /* Resources */ = {
			isa = PBXResourcesBuildPhase;
			buildActionMask = 2147483647;
			files = (
			);
			runOnlyForDeploymentPostprocessing = 0;
		};
/* End PBXResourcesBuildPhase section */

/* Begin PBXShellScriptBuildPhase section */
		3CFCD69EE6FA77FB311E751B /* [CP] Copy Pods Resources */ = {
			isa = PBXShellScriptBuildPhase;
			buildActionMask = 2147483647;
			files = (
			);
			inputPaths = (
				"${SRCROOT}/Pods/Target Support Files/Pods-IronMan/Pods-IronMan-resources.sh",
				"${PODS_CONFIGURATION_BUILD_DIR}/CTAssetsPickerController/CTAssetsPickerController.bundle",
				"${PODS_CONFIGURATION_BUILD_DIR}/MWPhotoBrowser/MWPhotoBrowser.bundle",
			);
			name = "[CP] Copy Pods Resources";
			outputPaths = (
				"${TARGET_BUILD_DIR}/${UNLOCALIZED_RESOURCES_FOLDER_PATH}/CTAssetsPickerController.bundle",
				"${TARGET_BUILD_DIR}/${UNLOCALIZED_RESOURCES_FOLDER_PATH}/MWPhotoBrowser.bundle",
			);
			runOnlyForDeploymentPostprocessing = 0;
			shellPath = /bin/sh;
			shellScript = "\"${SRCROOT}/Pods/Target Support Files/Pods-IronMan/Pods-IronMan-resources.sh\"\n";
			showEnvVarsInLog = 0;
		};
		4E60AFA9022B034870BC85B2 /* [CP] Check Pods Manifest.lock */ = {
			isa = PBXShellScriptBuildPhase;
			buildActionMask = 2147483647;
			files = (
			);
			inputPaths = (
				"${PODS_PODFILE_DIR_PATH}/Podfile.lock",
				"${PODS_ROOT}/Manifest.lock",
			);
			name = "[CP] Check Pods Manifest.lock";
			outputPaths = (
				"$(DERIVED_FILE_DIR)/Pods-IronManTests-checkManifestLockResult.txt",
			);
			runOnlyForDeploymentPostprocessing = 0;
			shellPath = /bin/sh;
			shellScript = "diff \"${PODS_PODFILE_DIR_PATH}/Podfile.lock\" \"${PODS_ROOT}/Manifest.lock\" > /dev/null\nif [ $? != 0 ] ; then\n    # print error to STDERR\n    echo \"error: The sandbox is not in sync with the Podfile.lock. Run 'pod install' or update your CocoaPods installation.\" >&2\n    exit 1\nfi\n# This output is used by Xcode 'outputs' to avoid re-running this script phase.\necho \"SUCCESS\" > \"${SCRIPT_OUTPUT_FILE_0}\"\n";
			showEnvVarsInLog = 0;
		};
		98B833DFBD0D310DCB46D22E /* [CP] Check Pods Manifest.lock */ = {
			isa = PBXShellScriptBuildPhase;
			buildActionMask = 2147483647;
			files = (
			);
			inputPaths = (
				"${PODS_PODFILE_DIR_PATH}/Podfile.lock",
				"${PODS_ROOT}/Manifest.lock",
			);
			name = "[CP] Check Pods Manifest.lock";
			outputPaths = (
				"$(DERIVED_FILE_DIR)/Pods-IronManUITests-checkManifestLockResult.txt",
			);
			runOnlyForDeploymentPostprocessing = 0;
			shellPath = /bin/sh;
			shellScript = "diff \"${PODS_PODFILE_DIR_PATH}/Podfile.lock\" \"${PODS_ROOT}/Manifest.lock\" > /dev/null\nif [ $? != 0 ] ; then\n    # print error to STDERR\n    echo \"error: The sandbox is not in sync with the Podfile.lock. Run 'pod install' or update your CocoaPods installation.\" >&2\n    exit 1\nfi\n# This output is used by Xcode 'outputs' to avoid re-running this script phase.\necho \"SUCCESS\" > \"${SCRIPT_OUTPUT_FILE_0}\"\n";
			showEnvVarsInLog = 0;
		};
		C531252BAD2088A2D830FA1F /* [CP] Check Pods Manifest.lock */ = {
			isa = PBXShellScriptBuildPhase;
			buildActionMask = 2147483647;
			files = (
			);
			inputPaths = (
				"${PODS_PODFILE_DIR_PATH}/Podfile.lock",
				"${PODS_ROOT}/Manifest.lock",
			);
			name = "[CP] Check Pods Manifest.lock";
			outputPaths = (
				"$(DERIVED_FILE_DIR)/Pods-IronMan-checkManifestLockResult.txt",
			);
			runOnlyForDeploymentPostprocessing = 0;
			shellPath = /bin/sh;
			shellScript = "diff \"${PODS_PODFILE_DIR_PATH}/Podfile.lock\" \"${PODS_ROOT}/Manifest.lock\" > /dev/null\nif [ $? != 0 ] ; then\n    # print error to STDERR\n    echo \"error: The sandbox is not in sync with the Podfile.lock. Run 'pod install' or update your CocoaPods installation.\" >&2\n    exit 1\nfi\n# This output is used by Xcode 'outputs' to avoid re-running this script phase.\necho \"SUCCESS\" > \"${SCRIPT_OUTPUT_FILE_0}\"\n";
			showEnvVarsInLog = 0;
		};
/* End PBXShellScriptBuildPhase section */

/* Begin PBXSourcesBuildPhase section */
		C2947C6020729ACD00A6756F /* Sources */ = {
			isa = PBXSourcesBuildPhase;
			buildActionMask = 2147483647;
			files = (
				C2947CFD20739F3E00A6756F /* NSArray+HJImages.m in Sources */,
				C2BEDEC52074CFB600E32A25 /* PHAsset+CTAssetsPickerController.m in Sources */,
				C2947D1D207478E600A6756F /* IMTabViewController.m in Sources */,
				C2BEDEC72074CFB600E32A25 /* NSDateFormatter+CTAssetsPickerController.m in Sources */,
				C2BEDECB2074E6F800E32A25 /* IMImage.m in Sources */,
				C2947D2C2074799500A6756F /* IMNavViewController.m in Sources */,
				C2BEDEC62074CFB600E32A25 /* NSIndexSet+CTAssetsPickerController.m in Sources */,
				C2947CFF20739F3E00A6756F /* HJLoginExample01_VC.m in Sources */,
				C2947D0120739F3E00A6756F /* HJLoginExample03_VC.m in Sources */,
				C2947D0020739F3E00A6756F /* HJLoginExample04_VC.m in Sources */,
				C2BEDEC42074CFB600E32A25 /* UICollectionView+CTAssetsPickerController.m in Sources */,
				C2947C7720729ACE00A6756F /* main.m in Sources */,
				C2947CFE20739F3E00A6756F /* HJBaseLogin_VC.m in Sources */,
				C2947D292074796700A6756F /* IMDiaryViewController.m in Sources */,
				C2BEDEC32074CFB600E32A25 /* NSBundle+CTAssetsPickerController.m in Sources */,
				C2947D0220739F3E00A6756F /* HJLoginExample02_VC.m in Sources */,
				C2BEDEA72074CE5200E32A25 /* CTBasicViewController.m in Sources */,
				C2BEDEC12074CFB600E32A25 /* UIImage+CTAssetsPickerController.m in Sources */,
				C2947C6920729ACD00A6756F /* AppDelegate.m in Sources */,
				C2947D252074795C00A6756F /* IMPhotoViewController.m in Sources */,
				C2BEDEC82074CFB600E32A25 /* PHImageManager+CTAssetsPickerController.m in Sources */,
				C2947CD920737F4100A6756F /* IMLogViewController.m in Sources */,
				C2947D212074795100A6756F /* IMPhoneViewController.m in Sources */,
				C2BEDEC22074CFB600E32A25 /* NSNumberFormatter+CTAssetsPickerController.m in Sources */,
				C2BEDEAA2074CE8400E32A25 /* CTApperanceViewController.m in Sources */,
				C2BEDEC02074CFB600E32A25 /* PHAssetCollection+CTAssetsPickerController.m in Sources */,
				C2947D302074835900A6756F /* IMSetupViewController.m in Sources */,
			);
			runOnlyForDeploymentPostprocessing = 0;
		};
		C2947C7820729ACE00A6756F /* Sources */ = {
			isa = PBXSourcesBuildPhase;
			buildActionMask = 2147483647;
			files = (
				C2947C8120729ACE00A6756F /* IronManTests.m in Sources */,
			);
			runOnlyForDeploymentPostprocessing = 0;
		};
		C2947C8320729ACE00A6756F /* Sources */ = {
			isa = PBXSourcesBuildPhase;
			buildActionMask = 2147483647;
			files = (
				C2947C8C20729ACE00A6756F /* IronManUITests.m in Sources */,
			);
			runOnlyForDeploymentPostprocessing = 0;
		};
/* End PBXSourcesBuildPhase section */

/* Begin PBXTargetDependency section */
		C2947C7E20729ACE00A6756F /* PBXTargetDependency */ = {
			isa = PBXTargetDependency;
			target = C2947C6320729ACD00A6756F /* IronMan */;
			targetProxy = C2947C7D20729ACE00A6756F /* PBXContainerItemProxy */;
		};
		C2947C8920729ACE00A6756F /* PBXTargetDependency */ = {
			isa = PBXTargetDependency;
			target = C2947C6320729ACD00A6756F /* IronMan */;
			targetProxy = C2947C8820729ACE00A6756F /* PBXContainerItemProxy */;
		};
/* End PBXTargetDependency section */

/* Begin PBXVariantGroup section */
		C2947C7220729ACE00A6756F /* LaunchScreen.storyboard */ = {
			isa = PBXVariantGroup;
			children = (
				C2947C7320729ACE00A6756F /* Base */,
			);
			name = LaunchScreen.storyboard;
			sourceTree = "<group>";
		};
/* End PBXVariantGroup section */

/* Begin XCBuildConfiguration section */
		C2947C8E20729ACE00A6756F /* Debug */ = {
			isa = XCBuildConfiguration;
			buildSettings = {
				ALWAYS_SEARCH_USER_PATHS = NO;
				CLANG_ANALYZER_NONNULL = YES;
				CLANG_ANALYZER_NUMBER_OBJECT_CONVERSION = YES_AGGRESSIVE;
				CLANG_CXX_LANGUAGE_STANDARD = "gnu++14";
				CLANG_CXX_LIBRARY = "libc++";
				CLANG_ENABLE_MODULES = YES;
				CLANG_ENABLE_OBJC_ARC = YES;
				CLANG_ENABLE_OBJC_WEAK = YES;
				CLANG_WARN_BLOCK_CAPTURE_AUTORELEASING = YES;
				CLANG_WARN_BOOL_CONVERSION = YES;
				CLANG_WARN_COMMA = YES;
				CLANG_WARN_CONSTANT_CONVERSION = YES;
				CLANG_WARN_DEPRECATED_OBJC_IMPLEMENTATIONS = YES;
				CLANG_WARN_DIRECT_OBJC_ISA_USAGE = YES_ERROR;
				CLANG_WARN_DOCUMENTATION_COMMENTS = YES;
				CLANG_WARN_EMPTY_BODY = YES;
				CLANG_WARN_ENUM_CONVERSION = YES;
				CLANG_WARN_INFINITE_RECURSION = YES;
				CLANG_WARN_INT_CONVERSION = YES;
				CLANG_WARN_NON_LITERAL_NULL_CONVERSION = YES;
				CLANG_WARN_OBJC_IMPLICIT_RETAIN_SELF = YES;
				CLANG_WARN_OBJC_LITERAL_CONVERSION = YES;
				CLANG_WARN_OBJC_ROOT_CLASS = YES_ERROR;
				CLANG_WARN_RANGE_LOOP_ANALYSIS = YES;
				CLANG_WARN_STRICT_PROTOTYPES = YES;
				CLANG_WARN_SUSPICIOUS_MOVE = YES;
				CLANG_WARN_UNGUARDED_AVAILABILITY = YES_AGGRESSIVE;
				CLANG_WARN_UNREACHABLE_CODE = YES;
				CLANG_WARN__DUPLICATE_METHOD_MATCH = YES;
				CODE_SIGN_IDENTITY = "iPhone Developer";
				COPY_PHASE_STRIP = NO;
				DEBUG_INFORMATION_FORMAT = dwarf;
				ENABLE_STRICT_OBJC_MSGSEND = YES;
				ENABLE_TESTABILITY = YES;
				GCC_C_LANGUAGE_STANDARD = gnu11;
				GCC_DYNAMIC_NO_PIC = NO;
				GCC_NO_COMMON_BLOCKS = YES;
				GCC_OPTIMIZATION_LEVEL = 0;
				GCC_PREPROCESSOR_DEFINITIONS = (
					"DEBUG=1",
					"$(inherited)",
				);
				GCC_WARN_64_TO_32_BIT_CONVERSION = YES;
				GCC_WARN_ABOUT_RETURN_TYPE = YES_ERROR;
				GCC_WARN_UNDECLARED_SELECTOR = YES;
				GCC_WARN_UNINITIALIZED_AUTOS = YES_AGGRESSIVE;
				GCC_WARN_UNUSED_FUNCTION = YES;
				GCC_WARN_UNUSED_VARIABLE = YES;
				IPHONEOS_DEPLOYMENT_TARGET = 11.3;
				MTL_ENABLE_DEBUG_INFO = YES;
				ONLY_ACTIVE_ARCH = YES;
				SDKROOT = iphoneos;
			};
			name = Debug;
		};
		C2947C8F20729ACE00A6756F /* Release */ = {
			isa = XCBuildConfiguration;
			buildSettings = {
				ALWAYS_SEARCH_USER_PATHS = NO;
				CLANG_ANALYZER_NONNULL = YES;
				CLANG_ANALYZER_NUMBER_OBJECT_CONVERSION = YES_AGGRESSIVE;
				CLANG_CXX_LANGUAGE_STANDARD = "gnu++14";
				CLANG_CXX_LIBRARY = "libc++";
				CLANG_ENABLE_MODULES = YES;
				CLANG_ENABLE_OBJC_ARC = YES;
				CLANG_ENABLE_OBJC_WEAK = YES;
				CLANG_WARN_BLOCK_CAPTURE_AUTORELEASING = YES;
				CLANG_WARN_BOOL_CONVERSION = YES;
				CLANG_WARN_COMMA = YES;
				CLANG_WARN_CONSTANT_CONVERSION = YES;
				CLANG_WARN_DEPRECATED_OBJC_IMPLEMENTATIONS = YES;
				CLANG_WARN_DIRECT_OBJC_ISA_USAGE = YES_ERROR;
				CLANG_WARN_DOCUMENTATION_COMMENTS = YES;
				CLANG_WARN_EMPTY_BODY = YES;
				CLANG_WARN_ENUM_CONVERSION = YES;
				CLANG_WARN_INFINITE_RECURSION = YES;
				CLANG_WARN_INT_CONVERSION = YES;
				CLANG_WARN_NON_LITERAL_NULL_CONVERSION = YES;
				CLANG_WARN_OBJC_IMPLICIT_RETAIN_SELF = YES;
				CLANG_WARN_OBJC_LITERAL_CONVERSION = YES;
				CLANG_WARN_OBJC_ROOT_CLASS = YES_ERROR;
				CLANG_WARN_RANGE_LOOP_ANALYSIS = YES;
				CLANG_WARN_STRICT_PROTOTYPES = YES;
				CLANG_WARN_SUSPICIOUS_MOVE = YES;
				CLANG_WARN_UNGUARDED_AVAILABILITY = YES_AGGRESSIVE;
				CLANG_WARN_UNREACHABLE_CODE = YES;
				CLANG_WARN__DUPLICATE_METHOD_MATCH = YES;
				CODE_SIGN_IDENTITY = "iPhone Developer";
				COPY_PHASE_STRIP = NO;
				DEBUG_INFORMATION_FORMAT = "dwarf-with-dsym";
				ENABLE_NS_ASSERTIONS = NO;
				ENABLE_STRICT_OBJC_MSGSEND = YES;
				GCC_C_LANGUAGE_STANDARD = gnu11;
				GCC_NO_COMMON_BLOCKS = YES;
				GCC_WARN_64_TO_32_BIT_CONVERSION = YES;
				GCC_WARN_ABOUT_RETURN_TYPE = YES_ERROR;
				GCC_WARN_UNDECLARED_SELECTOR = YES;
				GCC_WARN_UNINITIALIZED_AUTOS = YES_AGGRESSIVE;
				GCC_WARN_UNUSED_FUNCTION = YES;
				GCC_WARN_UNUSED_VARIABLE = YES;
				IPHONEOS_DEPLOYMENT_TARGET = 11.3;
				MTL_ENABLE_DEBUG_INFO = NO;
				SDKROOT = iphoneos;
				VALIDATE_PRODUCT = YES;
			};
			name = Release;
		};
		C2947C9120729ACE00A6756F /* Debug */ = {
			isa = XCBuildConfiguration;
			baseConfigurationReference = 2D205A98691F424F804D93C6 /* Pods-IronMan.debug.xcconfig */;
			buildSettings = {
				ASSETCATALOG_COMPILER_APPICON_NAME = AppIcon;
				CODE_SIGN_STYLE = Automatic;
				DEVELOPMENT_TEAM = HCPQ4JRW53;
				GCC_PRECOMPILE_PREFIX_HEADER = YES;
				GCC_PREFIX_HEADER = "$(SRCROOT)/IronMan/PrefixHeader.pch";
				INFOPLIST_FILE = IronMan/Info.plist;
				LD_RUNPATH_SEARCH_PATHS = (
					"$(inherited)",
					"@executable_path/Frameworks",
				);
				PRODUCT_BUNDLE_IDENTIFIER = com.sundusk.Camera.IronMan;
				PRODUCT_NAME = "$(TARGET_NAME)";
				TARGETED_DEVICE_FAMILY = 1;
			};
			name = Debug;
		};
		C2947C9220729ACE00A6756F /* Release */ = {
			isa = XCBuildConfiguration;
			baseConfigurationReference = 7D777CC342A0C503D414D149 /* Pods-IronMan.release.xcconfig */;
			buildSettings = {
				ASSETCATALOG_COMPILER_APPICON_NAME = AppIcon;
				CODE_SIGN_STYLE = Automatic;
				DEVELOPMENT_TEAM = HCPQ4JRW53;
				GCC_PRECOMPILE_PREFIX_HEADER = YES;
				GCC_PREFIX_HEADER = "$(SRCROOT)/IronMan/PrefixHeader.pch";
				INFOPLIST_FILE = IronMan/Info.plist;
				LD_RUNPATH_SEARCH_PATHS = (
					"$(inherited)",
					"@executable_path/Frameworks",
				);
				PRODUCT_BUNDLE_IDENTIFIER = com.sundusk.Camera.IronMan;
				PRODUCT_NAME = "$(TARGET_NAME)";
				TARGETED_DEVICE_FAMILY = 1;
			};
			name = Release;
		};
		C2947C9420729ACE00A6756F /* Debug */ = {
			isa = XCBuildConfiguration;
			baseConfigurationReference = 81A16B93D6B57C8200D3416D /* Pods-IronManTests.debug.xcconfig */;
			buildSettings = {
				BUNDLE_LOADER = "$(TEST_HOST)";
				CODE_SIGN_STYLE = Automatic;
				DEVELOPMENT_TEAM = HCPQ4JRW53;
				INFOPLIST_FILE = IronManTests/Info.plist;
				LD_RUNPATH_SEARCH_PATHS = (
					"$(inherited)",
					"@executable_path/Frameworks",
					"@loader_path/Frameworks",
				);
				PRODUCT_BUNDLE_IDENTIFIER = com.sundusk.Camera.IronManTests;
				PRODUCT_NAME = "$(TARGET_NAME)";
				TARGETED_DEVICE_FAMILY = "1,2";
				TEST_HOST = "$(BUILT_PRODUCTS_DIR)/IronMan.app/IronMan";
			};
			name = Debug;
		};
		C2947C9520729ACE00A6756F /* Release */ = {
			isa = XCBuildConfiguration;
			baseConfigurationReference = B4FD3F93C9796C469A1D82E1 /* Pods-IronManTests.release.xcconfig */;
			buildSettings = {
				BUNDLE_LOADER = "$(TEST_HOST)";
				CODE_SIGN_STYLE = Automatic;
				DEVELOPMENT_TEAM = HCPQ4JRW53;
				INFOPLIST_FILE = IronManTests/Info.plist;
				LD_RUNPATH_SEARCH_PATHS = (
					"$(inherited)",
					"@executable_path/Frameworks",
					"@loader_path/Frameworks",
				);
				PRODUCT_BUNDLE_IDENTIFIER = com.sundusk.Camera.IronManTests;
				PRODUCT_NAME = "$(TARGET_NAME)";
				TARGETED_DEVICE_FAMILY = "1,2";
				TEST_HOST = "$(BUILT_PRODUCTS_DIR)/IronMan.app/IronMan";
			};
			name = Release;
		};
		C2947C9720729ACE00A6756F /* Debug */ = {
			isa = XCBuildConfiguration;
			baseConfigurationReference = D5A3F64BC2E1B9BEF8729168 /* Pods-IronManUITests.debug.xcconfig */;
			buildSettings = {
				CODE_SIGN_STYLE = Automatic;
				DEVELOPMENT_TEAM = HCPQ4JRW53;
				INFOPLIST_FILE = IronManUITests/Info.plist;
				LD_RUNPATH_SEARCH_PATHS = (
					"$(inherited)",
					"@executable_path/Frameworks",
					"@loader_path/Frameworks",
				);
				PRODUCT_BUNDLE_IDENTIFIER = com.sundusk.Camera.IronManUITests;
				PRODUCT_NAME = "$(TARGET_NAME)";
				TARGETED_DEVICE_FAMILY = "1,2";
				TEST_TARGET_NAME = IronMan;
			};
			name = Debug;
		};
		C2947C9820729ACE00A6756F /* Release */ = {
			isa = XCBuildConfiguration;
			baseConfigurationReference = FF97EA715039DD5E8CFB7811 /* Pods-IronManUITests.release.xcconfig */;
			buildSettings = {
				CODE_SIGN_STYLE = Automatic;
				DEVELOPMENT_TEAM = HCPQ4JRW53;
				INFOPLIST_FILE = IronManUITests/Info.plist;
				LD_RUNPATH_SEARCH_PATHS = (
					"$(inherited)",
					"@executable_path/Frameworks",
					"@loader_path/Frameworks",
				);
				PRODUCT_BUNDLE_IDENTIFIER = com.sundusk.Camera.IronManUITests;
				PRODUCT_NAME = "$(TARGET_NAME)";
				TARGETED_DEVICE_FAMILY = "1,2";
				TEST_TARGET_NAME = IronMan;
			};
			name = Release;
		};
/* End XCBuildConfiguration section */

/* Begin XCConfigurationList section */
		C2947C5F20729ACD00A6756F /* Build configuration list for PBXProject "IronMan" */ = {
			isa = XCConfigurationList;
			buildConfigurations = (
				C2947C8E20729ACE00A6756F /* Debug */,
				C2947C8F20729ACE00A6756F /* Release */,
			);
			defaultConfigurationIsVisible = 0;
			defaultConfigurationName = Release;
		};
		C2947C9020729ACE00A6756F /* Build configuration list for PBXNativeTarget "IronMan" */ = {
			isa = XCConfigurationList;
			buildConfigurations = (
				C2947C9120729ACE00A6756F /* Debug */,
				C2947C9220729ACE00A6756F /* Release */,
			);
			defaultConfigurationIsVisible = 0;
			defaultConfigurationName = Release;
		};
		C2947C9320729ACE00A6756F /* Build configuration list for PBXNativeTarget "IronManTests" */ = {
			isa = XCConfigurationList;
			buildConfigurations = (
				C2947C9420729ACE00A6756F /* Debug */,
				C2947C9520729ACE00A6756F /* Release */,
			);
			defaultConfigurationIsVisible = 0;
			defaultConfigurationName = Release;
		};
		C2947C9620729ACE00A6756F /* Build configuration list for PBXNativeTarget "IronManUITests" */ = {
			isa = XCConfigurationList;
			buildConfigurations = (
				C2947C9720729ACE00A6756F /* Debug */,
				C2947C9820729ACE00A6756F /* Release */,
			);
			defaultConfigurationIsVisible = 0;
			defaultConfigurationName = Release;
		};
/* End XCConfigurationList section */
	};
	rootObject = C2947C5C20729ACD00A6756F /* Project object */;
}
